
Microsoft Visual Studio Solution File, Format Version 12.00
# Visual Studio Version 16
VisualStudioVersion = 16.0.31729.503
MinimumVisualStudioVersion = 10.0.40219.1
Project("{FAE04EC0-301F-11D3-BF4B-00C04F79EFBC}") = "AppExerciciospropostos-Logica05", "AppExerciciospropostos-Logica05.csproj", "{68C2F452-1BC5-47BA-803C-CE057780A3E8}"
EndProject
Global
	GlobalSection(SolutionConfigurationPlatforms) = preSolution
		Debug|Any CPU = Debug|Any CPU
		Release|Any CPU = Release|Any CPU
	EndGlobalSection
	GlobalSection(ProjectConfigurationPlatforms) = postSolution
		{68C2F452-1BC5-47BA-803C-CE057780A3E8}.Debug|Any CPU.ActiveCfg = Debug|Any CPU
		{68C2F452-1BC5-47BA-803C-CE057780A3E8}.Debug|Any CPU.Build.0 = Debug|Any CPU
		{68C2F452-1BC5-47BA-803C-CE057780A3E8}.Release|Any CPU.ActiveCfg = Release|Any CPU
		{68C2F452-1BC5-47BA-803C-CE057780A3E8}.Release|Any CPU.Build.0 = Release|Any CPU
	EndGlobalSection
	GlobalSection(SolutionProperties) = preSolution
		HideSolutionNode = FALSE
	EndGlobalSection
	GlobalSection(ExtensibilityGlobals) = postSolution
		SolutionGuid = {5E49A694-7445-4B15-A1E5-E0ABFB5FC4A8}
	EndGlobalSection
EndGlobal
